
Microsoft Visual Studio Solution File, Format Version 12.00
# Visual Studio 2012
Project("{8BC9CEB8-8B4A-11D0-8D11-00A0C91BC942}") = "Chore-Manager", "Chore-Manager\Chore-Manager.vcxproj", "{747AC369-E9E1-4A1B-93C8-5659B330738C}"
EndProject
Global
	GlobalSection(SolutionConfigurationPlatforms) = preSolution
		Debug|Win32 = Debug|Win32
		Release|Win32 = Release|Win32
	EndGlobalSection
	GlobalSection(ProjectConfigurationPlatforms) = postSolution
		{747AC369-E9E1-4A1B-93C8-5659B330738C}.Debug|Win32.ActiveCfg = Debug|Win32
		{747AC369-E9E1-4A1B-93C8-5659B330738C}.Debug|Win32.Build.0 = Debug|Win32
		{747AC369-E9E1-4A1B-93C8-5659B330738C}.Release|Win32.ActiveCfg = Release|Win32
		{747AC369-E9E1-4A1B-93C8-5659B330738C}.Release|Win32.Build.0 = Release|Win32
	EndGlobalSection
	GlobalSection(SolutionProperties) = preSolution
		HideSolutionNode = FALSE
	EndGlobalSection
EndGlobal
